
Microsoft Visual Studio Solution File, Format Version 12.00
# Visual Studio Version 17
VisualStudioVersion = 17.3.32901.215
MinimumVisualStudioVersion = 10.0.40219.1
Project("{9A19103F-16F7-4668-BE54-9A1E7A4F7556}") = "Clinic", "Clinic\Clinic.csproj", "{EF251D09-810B-49C8-992F-581BA0746E28}"
EndProject
Project("{FAE04EC0-301F-11D3-BF4B-00C04F79EFBC}") = "Clinic.UI", "Clinic.UI\Clinic.UI.csproj", "{E589ABE5-B142-44CD-B262-968DA825EFE8}"
EndProject
Global
	GlobalSection(SolutionConfigurationPlatforms) = preSolution
		Debug|Any CPU = Debug|Any CPU
		Release|Any CPU = Release|Any CPU
	EndGlobalSection
	GlobalSection(ProjectConfigurationPlatforms) = postSolution
		{EF251D09-810B-49C8-992F-581BA0746E28}.Debug|Any CPU.ActiveCfg = Debug|Any CPU
		{EF251D09-810B-49C8-992F-581BA0746E28}.Debug|Any CPU.Build.0 = Debug|Any CPU
		{EF251D09-810B-49C8-992F-581BA0746E28}.Release|Any CPU.ActiveCfg = Release|Any CPU
		{EF251D09-810B-49C8-992F-581BA0746E28}.Release|Any CPU.Build.0 = Release|Any CPU
		{E589ABE5-B142-44CD-B262-968DA825EFE8}.Debug|Any CPU.ActiveCfg = Debug|Any CPU
		{E589ABE5-B142-44CD-B262-968DA825EFE8}.Debug|Any CPU.Build.0 = Debug|Any CPU
		{E589ABE5-B142-44CD-B262-968DA825EFE8}.Release|Any CPU.ActiveCfg = Release|Any CPU
		{E589ABE5-B142-44CD-B262-968DA825EFE8}.Release|Any CPU.Build.0 = Release|Any CPU
	EndGlobalSection
	GlobalSection(SolutionProperties) = preSolution
		HideSolutionNode = FALSE
	EndGlobalSection
	GlobalSection(ExtensibilityGlobals) = postSolution
		SolutionGuid = {62683DF9-C4FA-4DB7-A7BB-CE4C585CF698}
	EndGlobalSection
EndGlobal
